{
  "name": "project0",
  "version": "1.0.0",
  "lockfileVersion": 1,
  "requires": true,
  "dependencies": {
    "simple-html-templates": {
      "version": "1.0.3",
      "resolved": "https://registry.npmjs.org/simple-html-templates/-/simple-html-templates-1.0.3.tgz",
      "integrity": "sha512-3tyuqRfVvSdVMZGIuHkyKCUEw9s/CNO4pvPktRorpknvREwd4IKwI92UIKz/IS41lIfFZTVyEbOxw14xHdhR9Q==",
      "dev": true
    }
  }
}
